
Microsoft Visual Studio Solution File, Format Version 12.00
# Visual Studio 14
VisualStudioVersion = 14.0.25420.1
MinimumVisualStudioVersion = 10.0.40219.1
Project("{8BC9CEB8-8B4A-11D0-8D11-00A0C91BC942}") = "altEngine2", "altEngine2.vcxproj", "{EB3CCBB0-80AB-41C5-89E1-FCC254A58E65}"
EndProject
Global
	GlobalSection(SolutionConfigurationPlatforms) = preSolution
		Debug D3D11|x64 = Debug D3D11|x64
		Debug D3D11|x86 = Debug D3D11|x86
		Debug D3D9|x64 = Debug D3D9|x64
		Debug D3D9|x86 = Debug D3D9|x86
		Debug OpenGL|x64 = Debug OpenGL|x64
		Debug OpenGL|x86 = Debug OpenGL|x86
		Debug Vulkan|x64 = Debug Vulkan|x64
		Debug Vulkan|x86 = Debug Vulkan|x86
		Dedicated Server|x64 = Dedicated Server|x64
		Dedicated Server|x86 = Dedicated Server|x86
		Oculus Debug|x64 = Oculus Debug|x64
		Oculus Debug|x86 = Oculus Debug|x86
		Release D3D11|x64 = Release D3D11|x64
		Release D3D11|x86 = Release D3D11|x86
		Release D3D9|x64 = Release D3D9|x64
		Release D3D9|x86 = Release D3D9|x86
		Release Dedicated Server|x64 = Release Dedicated Server|x64
		Release Dedicated Server|x86 = Release Dedicated Server|x86
		Release OpenGL|x64 = Release OpenGL|x64
		Release OpenGL|x86 = Release OpenGL|x86
		Release Software|x64 = Release Software|x64
		Release Software|x86 = Release Software|x86
	EndGlobalSection
	GlobalSection(ProjectConfigurationPlatforms) = postSolution
		{EB3CCBB0-80AB-41C5-89E1-FCC254A58E65}.Debug D3D11|x64.ActiveCfg = Direct3d11|x64
		{EB3CCBB0-80AB-41C5-89E1-FCC254A58E65}.Debug D3D11|x64.Build.0 = Direct3d11|x64
		{EB3CCBB0-80AB-41C5-89E1-FCC254A58E65}.Debug D3D11|x86.ActiveCfg = Direct3d11|Win32
		{EB3CCBB0-80AB-41C5-89E1-FCC254A58E65}.Debug D3D11|x86.Build.0 = Direct3d11|Win32
		{EB3CCBB0-80AB-41C5-89E1-FCC254A58E65}.Debug D3D9|x64.ActiveCfg = Debug Direct3d|x64
		{EB3CCBB0-80AB-41C5-89E1-FCC254A58E65}.Debug D3D9|x64.Build.0 = Debug Direct3d|x64
		{EB3CCBB0-80AB-41C5-89E1-FCC254A58E65}.Debug D3D9|x86.ActiveCfg = Debug Direct3d|Win32
		{EB3CCBB0-80AB-41C5-89E1-FCC254A58E65}.Debug D3D9|x86.Build.0 = Debug Direct3d|Win32
		{EB3CCBB0-80AB-41C5-89E1-FCC254A58E65}.Debug OpenGL|x64.ActiveCfg = Debug|x64
		{EB3CCBB0-80AB-41C5-89E1-FCC254A58E65}.Debug OpenGL|x64.Build.0 = Debug|x64
		{EB3CCBB0-80AB-41C5-89E1-FCC254A58E65}.Debug OpenGL|x86.ActiveCfg = Debug|Win32
		{EB3CCBB0-80AB-41C5-89E1-FCC254A58E65}.Debug OpenGL|x86.Build.0 = Debug|Win32
		{EB3CCBB0-80AB-41C5-89E1-FCC254A58E65}.Debug Vulkan|x64.ActiveCfg = Debug Vulkan|x64
		{EB3CCBB0-80AB-41C5-89E1-FCC254A58E65}.Debug Vulkan|x64.Build.0 = Debug Vulkan|x64
		{EB3CCBB0-80AB-41C5-89E1-FCC254A58E65}.Debug Vulkan|x86.ActiveCfg = Debug Vulkan|Win32
		{EB3CCBB0-80AB-41C5-89E1-FCC254A58E65}.Debug Vulkan|x86.Build.0 = Debug Vulkan|Win32
		{EB3CCBB0-80AB-41C5-89E1-FCC254A58E65}.Dedicated Server|x64.ActiveCfg = Dedicated Server|x64
		{EB3CCBB0-80AB-41C5-89E1-FCC254A58E65}.Dedicated Server|x64.Build.0 = Dedicated Server|x64
		{EB3CCBB0-80AB-41C5-89E1-FCC254A58E65}.Dedicated Server|x86.ActiveCfg = Dedicated Server|Win32
		{EB3CCBB0-80AB-41C5-89E1-FCC254A58E65}.Dedicated Server|x86.Build.0 = Dedicated Server|Win32
		{EB3CCBB0-80AB-41C5-89E1-FCC254A58E65}.Oculus Debug|x64.ActiveCfg = Oculus Debug|Win32
		{EB3CCBB0-80AB-41C5-89E1-FCC254A58E65}.Oculus Debug|x86.ActiveCfg = Oculus Debug|Win32
		{EB3CCBB0-80AB-41C5-89E1-FCC254A58E65}.Oculus Debug|x86.Build.0 = Oculus Debug|Win32
		{EB3CCBB0-80AB-41C5-89E1-FCC254A58E65}.Release D3D11|x64.ActiveCfg = Release D3D11|x64
		{EB3CCBB0-80AB-41C5-89E1-FCC254A58E65}.Release D3D11|x64.Build.0 = Release D3D11|x64
		{EB3CCBB0-80AB-41C5-89E1-FCC254A58E65}.Release D3D11|x86.ActiveCfg = Release D3D11|Win32
		{EB3CCBB0-80AB-41C5-89E1-FCC254A58E65}.Release D3D11|x86.Build.0 = Release D3D11|Win32
		{EB3CCBB0-80AB-41C5-89E1-FCC254A58E65}.Release D3D9|x64.ActiveCfg = Release D3D9|x64
		{EB3CCBB0-80AB-41C5-89E1-FCC254A58E65}.Release D3D9|x64.Build.0 = Release D3D9|x64
		{EB3CCBB0-80AB-41C5-89E1-FCC254A58E65}.Release D3D9|x86.ActiveCfg = Release D3D9|Win32
		{EB3CCBB0-80AB-41C5-89E1-FCC254A58E65}.Release D3D9|x86.Build.0 = Release D3D9|Win32
		{EB3CCBB0-80AB-41C5-89E1-FCC254A58E65}.Release Dedicated Server|x64.ActiveCfg = Release Dedicated Server|x64
		{EB3CCBB0-80AB-41C5-89E1-FCC254A58E65}.Release Dedicated Server|x64.Build.0 = Release Dedicated Server|x64
		{EB3CCBB0-80AB-41C5-89E1-FCC254A58E65}.Release Dedicated Server|x86.ActiveCfg = Release Dedicated Server|Win32
		{EB3CCBB0-80AB-41C5-89E1-FCC254A58E65}.Release Dedicated Server|x86.Build.0 = Release Dedicated Server|Win32
		{EB3CCBB0-80AB-41C5-89E1-FCC254A58E65}.Release OpenGL|x64.ActiveCfg = Release|x64
		{EB3CCBB0-80AB-41C5-89E1-FCC254A58E65}.Release OpenGL|x64.Build.0 = Release|x64
		{EB3CCBB0-80AB-41C5-89E1-FCC254A58E65}.Release OpenGL|x86.ActiveCfg = Release|Win32
		{EB3CCBB0-80AB-41C5-89E1-FCC254A58E65}.Release OpenGL|x86.Build.0 = Release|Win32
		{EB3CCBB0-80AB-41C5-89E1-FCC254A58E65}.Release Software|x64.ActiveCfg = Release Software|x64
		{EB3CCBB0-80AB-41C5-89E1-FCC254A58E65}.Release Software|x64.Build.0 = Release Software|x64
		{EB3CCBB0-80AB-41C5-89E1-FCC254A58E65}.Release Software|x86.ActiveCfg = Release Software|Win32
		{EB3CCBB0-80AB-41C5-89E1-FCC254A58E65}.Release Software|x86.Build.0 = Release Software|Win32
	EndGlobalSection
	GlobalSection(SolutionProperties) = preSolution
		HideSolutionNode = FALSE
	EndGlobalSection
EndGlobal
