
Microsoft Visual Studio Solution File, Format Version 12.00
# Visual Studio 14
VisualStudioVersion = 14.0.25420.1
MinimumVisualStudioVersion = 10.0.40219.1
Project("{8BC9CEB8-8B4A-11D0-8D11-00A0C91BC942}") = "altEngine2", "altEngine2.vcxproj", "{EB3CCBB0-80AB-41C5-89E1-FCC254A58E65}"
EndProject
Global
	GlobalSection(SolutionConfigurationPlatforms) = preSolution
		Debug Direct3d|x64 = Debug Direct3d|x64
		Debug Direct3d|x86 = Debug Direct3d|x86
		Debug OpenGL|x64 = Debug OpenGL|x64
		Debug OpenGL|x86 = Debug OpenGL|x86
		Dedicated Server|x64 = Dedicated Server|x64
		Dedicated Server|x86 = Dedicated Server|x86
		Release OpenGL|x64 = Release OpenGL|x64
		Release OpenGL|x86 = Release OpenGL|x86
	EndGlobalSection
	GlobalSection(ProjectConfigurationPlatforms) = postSolution
		{EB3CCBB0-80AB-41C5-89E1-FCC254A58E65}.Debug Direct3d|x64.ActiveCfg = Debug Direct3d|x64
		{EB3CCBB0-80AB-41C5-89E1-FCC254A58E65}.Debug Direct3d|x64.Build.0 = Debug Direct3d|x64
		{EB3CCBB0-80AB-41C5-89E1-FCC254A58E65}.Debug Direct3d|x86.ActiveCfg = Debug Direct3d|Win32
		{EB3CCBB0-80AB-41C5-89E1-FCC254A58E65}.Debug Direct3d|x86.Build.0 = Debug Direct3d|Win32
		{EB3CCBB0-80AB-41C5-89E1-FCC254A58E65}.Debug OpenGL|x64.ActiveCfg = Debug|x64
		{EB3CCBB0-80AB-41C5-89E1-FCC254A58E65}.Debug OpenGL|x64.Build.0 = Debug|x64
		{EB3CCBB0-80AB-41C5-89E1-FCC254A58E65}.Debug OpenGL|x86.ActiveCfg = Debug|Win32
		{EB3CCBB0-80AB-41C5-89E1-FCC254A58E65}.Debug OpenGL|x86.Build.0 = Debug|Win32
		{EB3CCBB0-80AB-41C5-89E1-FCC254A58E65}.Dedicated Server|x64.ActiveCfg = Dedicated Server|x64
		{EB3CCBB0-80AB-41C5-89E1-FCC254A58E65}.Dedicated Server|x64.Build.0 = Dedicated Server|x64
		{EB3CCBB0-80AB-41C5-89E1-FCC254A58E65}.Dedicated Server|x86.ActiveCfg = Dedicated Server|Win32
		{EB3CCBB0-80AB-41C5-89E1-FCC254A58E65}.Dedicated Server|x86.Build.0 = Dedicated Server|Win32
		{EB3CCBB0-80AB-41C5-89E1-FCC254A58E65}.Release OpenGL|x64.ActiveCfg = Release|x64
		{EB3CCBB0-80AB-41C5-89E1-FCC254A58E65}.Release OpenGL|x64.Build.0 = Release|x64
		{EB3CCBB0-80AB-41C5-89E1-FCC254A58E65}.Release OpenGL|x86.ActiveCfg = Release|Win32
		{EB3CCBB0-80AB-41C5-89E1-FCC254A58E65}.Release OpenGL|x86.Build.0 = Release|Win32
	EndGlobalSection
	GlobalSection(SolutionProperties) = preSolution
		HideSolutionNode = FALSE
	EndGlobalSection
EndGlobal
