// !$*UTF8*$!
{
	archiveVersion = 1;
	classes = {
	};
	objectVersion = 46;
	objects = {

/* Begin PBXBuildFile section */
		2DF7010F1D8F38CC004FF9D0 /* AppDelegate.m in Sources */ = {isa = PBXBuildFile; fileRef = 2DF7010E1D8F38CC004FF9D0 /* AppDelegate.m */; };
		2DF701121D8F38CC004FF9D0 /* main.m in Sources */ = {isa = PBXBuildFile; fileRef = 2DF701111D8F38CC004FF9D0 /* main.m */; };
		2DF701141D8F38CC004FF9D0 /* Assets.xcassets in Resources */ = {isa = PBXBuildFile; fileRef = 2DF701131D8F38CC004FF9D0 /* Assets.xcassets */; };
		2DF701171D8F38CC004FF9D0 /* MainMenu.xib in Resources */ = {isa = PBXBuildFile; fileRef = 2DF701151D8F38CC004FF9D0 /* MainMenu.xib */; };
		2DF7011F1D8F38DB004FF9D0 /* OpenGL.framework in Frameworks */ = {isa = PBXBuildFile; fileRef = 2DF7011E1D8F38DB004FF9D0 /* OpenGL.framework */; };
		2DF701221D8F3999004FF9D0 /* opengl.m in Sources */ = {isa = PBXBuildFile; fileRef = 2DF701211D8F3999004FF9D0 /* opengl.m */; };
/* End PBXBuildFile section */

/* Begin PBXFileReference section */
		2DF7010A1D8F38CC004FF9D0 /* altEngine.app */ = {isa = PBXFileReference; explicitFileType = wrapper.application; includeInIndex = 0; path = altEngine.app; sourceTree = BUILT_PRODUCTS_DIR; };
		2DF7010D1D8F38CC004FF9D0 /* AppDelegate.h */ = {isa = PBXFileReference; lastKnownFileType = sourcecode.c.h; path = AppDelegate.h; sourceTree = "<group>"; };
		2DF7010E1D8F38CC004FF9D0 /* AppDelegate.m */ = {isa = PBXFileReference; lastKnownFileType = sourcecode.c.objc; path = AppDelegate.m; sourceTree = "<group>"; };
		2DF701111D8F38CC004FF9D0 /* main.m */ = {isa = PBXFileReference; lastKnownFileType = sourcecode.c.objc; path = main.m; sourceTree = "<group>"; };
		2DF701131D8F38CC004FF9D0 /* Assets.xcassets */ = {isa = PBXFileReference; lastKnownFileType = folder.assetcatalog; path = Assets.xcassets; sourceTree = "<group>"; };
		2DF701161D8F38CC004FF9D0 /* Base */ = {isa = PBXFileReference; lastKnownFileType = file.xib; name = Base; path = Base.lproj/MainMenu.xib; sourceTree = "<group>"; };
		2DF701181D8F38CC004FF9D0 /* Info.plist */ = {isa = PBXFileReference; lastKnownFileType = text.plist.xml; path = Info.plist; sourceTree = "<group>"; };
		2DF7011E1D8F38DB004FF9D0 /* OpenGL.framework */ = {isa = PBXFileReference; lastKnownFileType = wrapper.framework; name = OpenGL.framework; path = System/Library/Frameworks/OpenGL.framework; sourceTree = SDKROOT; };
		2DF701201D8F391D004FF9D0 /* opengl.h */ = {isa = PBXFileReference; lastKnownFileType = sourcecode.c.h; path = opengl.h; sourceTree = "<group>"; };
		2DF701211D8F3999004FF9D0 /* opengl.m */ = {isa = PBXFileReference; fileEncoding = 4; lastKnownFileType = sourcecode.c.objc; path = opengl.m; sourceTree = "<group>"; };
/* End PBXFileReference section */

/* Begin PBXFrameworksBuildPhase section */
		2DF701071D8F38CC004FF9D0 /* Frameworks */ = {
			isa = PBXFrameworksBuildPhase;
			buildActionMask = 2147483647;
			files = (
				2DF7011F1D8F38DB004FF9D0 /* OpenGL.framework in Frameworks */,
			);
			runOnlyForDeploymentPostprocessing = 0;
		};
/* End PBXFrameworksBuildPhase section */

/* Begin PBXGroup section */
		2DF701011D8F38CC004FF9D0 = {
			isa = PBXGroup;
			children = (
				2DF7011E1D8F38DB004FF9D0 /* OpenGL.framework */,
				2DF7010C1D8F38CC004FF9D0 /* altEngine */,
				2DF7010B1D8F38CC004FF9D0 /* Products */,
			);
			sourceTree = "<group>";
		};
		2DF7010B1D8F38CC004FF9D0 /* Products */ = {
			isa = PBXGroup;
			children = (
				2DF7010A1D8F38CC004FF9D0 /* altEngine.app */,
			);
			name = Products;
			sourceTree = "<group>";
		};
		2DF7010C1D8F38CC004FF9D0 /* altEngine */ = {
			isa = PBXGroup;
			children = (
				2DF7010D1D8F38CC004FF9D0 /* AppDelegate.h */,
				2DF7010E1D8F38CC004FF9D0 /* AppDelegate.m */,
				2DF701131D8F38CC004FF9D0 /* Assets.xcassets */,
				2DF701151D8F38CC004FF9D0 /* MainMenu.xib */,
				2DF701181D8F38CC004FF9D0 /* Info.plist */,
				2DF701101D8F38CC004FF9D0 /* Supporting Files */,
				2DF701201D8F391D004FF9D0 /* opengl.h */,
				2DF701211D8F3999004FF9D0 /* opengl.m */,
			);
			path = altEngine;
			sourceTree = "<group>";
		};
		2DF701101D8F38CC004FF9D0 /* Supporting Files */ = {
			isa = PBXGroup;
			children = (
				2DF701111D8F38CC004FF9D0 /* main.m */,
			);
			name = "Supporting Files";
			sourceTree = "<group>";
		};
/* End PBXGroup section */

/* Begin PBXNativeTarget section */
		2DF701091D8F38CC004FF9D0 /* altEngine */ = {
			isa = PBXNativeTarget;
			buildConfigurationList = 2DF7011B1D8F38CC004FF9D0 /* Build configuration list for PBXNativeTarget "altEngine" */;
			buildPhases = (
				2DF701061D8F38CC004FF9D0 /* Sources */,
				2DF701071D8F38CC004FF9D0 /* Frameworks */,
				2DF701081D8F38CC004FF9D0 /* Resources */,
			);
			buildRules = (
			);
			dependencies = (
			);
			name = altEngine;
			productName = altEngine;
			productReference = 2DF7010A1D8F38CC004FF9D0 /* altEngine.app */;
			productType = "com.apple.product-type.application";
		};
/* End PBXNativeTarget section */

/* Begin PBXProject section */
		2DF701021D8F38CC004FF9D0 /* Project object */ = {
			isa = PBXProject;
			attributes = {
				LastUpgradeCheck = 0730;
				ORGANIZATIONNAME = "Wright, Alexander (CONT)";
				TargetAttributes = {
					2DF701091D8F38CC004FF9D0 = {
						CreatedOnToolsVersion = 7.3.1;
					};
				};
			};
			buildConfigurationList = 2DF701051D8F38CC004FF9D0 /* Build configuration list for PBXProject "altEngine" */;
			compatibilityVersion = "Xcode 3.2";
			developmentRegion = English;
			hasScannedForEncodings = 0;
			knownRegions = (
				en,
				Base,
			);
			mainGroup = 2DF701011D8F38CC004FF9D0;
			productRefGroup = 2DF7010B1D8F38CC004FF9D0 /* Products */;
			projectDirPath = "";
			projectRoot = "";
			targets = (
				2DF701091D8F38CC004FF9D0 /* altEngine */,
			);
		};
/* End PBXProject section */

/* Begin PBXResourcesBuildPhase section */
		2DF701081D8F38CC004FF9D0 /* Resources */ = {
			isa = PBXResourcesBuildPhase;
			buildActionMask = 2147483647;
			files = (
				2DF701141D8F38CC004FF9D0 /* Assets.xcassets in Resources */,
				2DF701171D8F38CC004FF9D0 /* MainMenu.xib in Resources */,
			);
			runOnlyForDeploymentPostprocessing = 0;
		};
/* End PBXResourcesBuildPhase section */

/* Begin PBXSourcesBuildPhase section */
		2DF701061D8F38CC004FF9D0 /* Sources */ = {
			isa = PBXSourcesBuildPhase;
			buildActionMask = 2147483647;
			files = (
				2DF701121D8F38CC004FF9D0 /* main.m in Sources */,
				2DF7010F1D8F38CC004FF9D0 /* AppDelegate.m in Sources */,
				2DF701221D8F3999004FF9D0 /* opengl.m in Sources */,
			);
			runOnlyForDeploymentPostprocessing = 0;
		};
/* End PBXSourcesBuildPhase section */

/* Begin PBXVariantGroup section */
		2DF701151D8F38CC004FF9D0 /* MainMenu.xib */ = {
			isa = PBXVariantGroup;
			children = (
				2DF701161D8F38CC004FF9D0 /* Base */,
			);
			name = MainMenu.xib;
			sourceTree = "<group>";
		};
/* End PBXVariantGroup section */

/* Begin XCBuildConfiguration section */
		2DF701191D8F38CC004FF9D0 /* Debug */ = {
			isa = XCBuildConfiguration;
			buildSettings = {
				ALWAYS_SEARCH_USER_PATHS = NO;
				CLANG_ANALYZER_NONNULL = YES;
				CLANG_CXX_LANGUAGE_STANDARD = "gnu++0x";
				CLANG_CXX_LIBRARY = "libc++";
				CLANG_ENABLE_MODULES = YES;
				CLANG_ENABLE_OBJC_ARC = YES;
				CLANG_WARN_BOOL_CONVERSION = YES;
				CLANG_WARN_CONSTANT_CONVERSION = YES;
				CLANG_WARN_DIRECT_OBJC_ISA_USAGE = YES_ERROR;
				CLANG_WARN_EMPTY_BODY = YES;
				CLANG_WARN_ENUM_CONVERSION = YES;
				CLANG_WARN_INT_CONVERSION = YES;
				CLANG_WARN_OBJC_ROOT_CLASS = YES_ERROR;
				CLANG_WARN_UNREACHABLE_CODE = YES;
				CLANG_WARN__DUPLICATE_METHOD_MATCH = YES;
				CODE_SIGN_IDENTITY = "-";
				COPY_PHASE_STRIP = NO;
				DEBUG_INFORMATION_FORMAT = dwarf;
				ENABLE_STRICT_OBJC_MSGSEND = YES;
				ENABLE_TESTABILITY = YES;
				GCC_C_LANGUAGE_STANDARD = gnu99;
				GCC_DYNAMIC_NO_PIC = NO;
				GCC_NO_COMMON_BLOCKS = YES;
				GCC_OPTIMIZATION_LEVEL = 0;
				GCC_PREPROCESSOR_DEFINITIONS = (
					"DEBUG=1",
					"$(inherited)",
				);
				GCC_WARN_64_TO_32_BIT_CONVERSION = YES;
				GCC_WARN_ABOUT_RETURN_TYPE = YES_ERROR;
				GCC_WARN_UNDECLARED_SELECTOR = YES;
				GCC_WARN_UNINITIALIZED_AUTOS = YES_AGGRESSIVE;
				GCC_WARN_UNUSED_FUNCTION = YES;
				GCC_WARN_UNUSED_VARIABLE = YES;
				MACOSX_DEPLOYMENT_TARGET = 10.11;
				MTL_ENABLE_DEBUG_INFO = YES;
				ONLY_ACTIVE_ARCH = YES;
				SDKROOT = macosx;
			};
			name = Debug;
		};
		2DF7011A1D8F38CC004FF9D0 /* Release */ = {
			isa = XCBuildConfiguration;
			buildSettings = {
				ALWAYS_SEARCH_USER_PATHS = NO;
				CLANG_ANALYZER_NONNULL = YES;
				CLANG_CXX_LANGUAGE_STANDARD = "gnu++0x";
				CLANG_CXX_LIBRARY = "libc++";
				CLANG_ENABLE_MODULES = YES;
				CLANG_ENABLE_OBJC_ARC = YES;
				CLANG_WARN_BOOL_CONVERSION = YES;
				CLANG_WARN_CONSTANT_CONVERSION = YES;
				CLANG_WARN_DIRECT_OBJC_ISA_USAGE = YES_ERROR;
				CLANG_WARN_EMPTY_BODY = YES;
				CLANG_WARN_ENUM_CONVERSION = YES;
				CLANG_WARN_INT_CONVERSION = YES;
				CLANG_WARN_OBJC_ROOT_CLASS = YES_ERROR;
				CLANG_WARN_UNREACHABLE_CODE = YES;
				CLANG_WARN__DUPLICATE_METHOD_MATCH = YES;
				CODE_SIGN_IDENTITY = "-";
				COPY_PHASE_STRIP = NO;
				DEBUG_INFORMATION_FORMAT = "dwarf-with-dsym";
				ENABLE_NS_ASSERTIONS = NO;
				ENABLE_STRICT_OBJC_MSGSEND = YES;
				GCC_C_LANGUAGE_STANDARD = gnu99;
				GCC_NO_COMMON_BLOCKS = YES;
				GCC_WARN_64_TO_32_BIT_CONVERSION = YES;
				GCC_WARN_ABOUT_RETURN_TYPE = YES_ERROR;
				GCC_WARN_UNDECLARED_SELECTOR = YES;
				GCC_WARN_UNINITIALIZED_AUTOS = YES_AGGRESSIVE;
				GCC_WARN_UNUSED_FUNCTION = YES;
				GCC_WARN_UNUSED_VARIABLE = YES;
				MACOSX_DEPLOYMENT_TARGET = 10.11;
				MTL_ENABLE_DEBUG_INFO = NO;
				SDKROOT = macosx;
			};
			name = Release;
		};
		2DF7011C1D8F38CC004FF9D0 /* Debug */ = {
			isa = XCBuildConfiguration;
			buildSettings = {
				ASSETCATALOG_COMPILER_APPICON_NAME = AppIcon;
				COMBINE_HIDPI_IMAGES = YES;
				INFOPLIST_FILE = altEngine/Info.plist;
				LD_RUNPATH_SEARCH_PATHS = "$(inherited) @executable_path/../Frameworks";
				PRODUCT_BUNDLE_IDENTIFIER = awright.altEngine;
				PRODUCT_NAME = "$(TARGET_NAME)";
			};
			name = Debug;
		};
		2DF7011D1D8F38CC004FF9D0 /* Release */ = {
			isa = XCBuildConfiguration;
			buildSettings = {
				ASSETCATALOG_COMPILER_APPICON_NAME = AppIcon;
				COMBINE_HIDPI_IMAGES = YES;
				INFOPLIST_FILE = altEngine/Info.plist;
				LD_RUNPATH_SEARCH_PATHS = "$(inherited) @executable_path/../Frameworks";
				PRODUCT_BUNDLE_IDENTIFIER = awright.altEngine;
				PRODUCT_NAME = "$(TARGET_NAME)";
			};
			name = Release;
		};
/* End XCBuildConfiguration section */

/* Begin XCConfigurationList section */
		2DF701051D8F38CC004FF9D0 /* Build configuration list for PBXProject "altEngine" */ = {
			isa = XCConfigurationList;
			buildConfigurations = (
				2DF701191D8F38CC004FF9D0 /* Debug */,
				2DF7011A1D8F38CC004FF9D0 /* Release */,
			);
			defaultConfigurationIsVisible = 0;
			defaultConfigurationName = Release;
		};
		2DF7011B1D8F38CC004FF9D0 /* Build configuration list for PBXNativeTarget "altEngine" */ = {
			isa = XCConfigurationList;
			buildConfigurations = (
				2DF7011C1D8F38CC004FF9D0 /* Debug */,
				2DF7011D1D8F38CC004FF9D0 /* Release */,
			);
			defaultConfigurationIsVisible = 0;
		};
/* End XCConfigurationList section */
	};
	rootObject = 2DF701021D8F38CC004FF9D0 /* Project object */;
}
